
Microsoft Visual Studio Solution File, Format Version 12.00
# Visual Studio Version 17
VisualStudioVersion = 17.0.31912.275
MinimumVisualStudioVersion = 10.0.40219.1
Project("{FAE04EC0-301F-11D3-BF4B-00C04F79EFBC}") = "api.paises", "api.paises\api.paises.csproj", "{BFBCCBDC-6122-48B5-B804-6E1E72F2DE47}"
EndProject
Global
	GlobalSection(SolutionConfigurationPlatforms) = preSolution
		Debug|Any CPU = Debug|Any CPU
		Release|Any CPU = Release|Any CPU
	EndGlobalSection
	GlobalSection(ProjectConfigurationPlatforms) = postSolution
		{BFBCCBDC-6122-48B5-B804-6E1E72F2DE47}.Debug|Any CPU.ActiveCfg = Debug|Any CPU
		{BFBCCBDC-6122-48B5-B804-6E1E72F2DE47}.Debug|Any CPU.Build.0 = Debug|Any CPU
		{BFBCCBDC-6122-48B5-B804-6E1E72F2DE47}.Release|Any CPU.ActiveCfg = Release|Any CPU
		{BFBCCBDC-6122-48B5-B804-6E1E72F2DE47}.Release|Any CPU.Build.0 = Release|Any CPU
	EndGlobalSection
	GlobalSection(SolutionProperties) = preSolution
		HideSolutionNode = FALSE
	EndGlobalSection
	GlobalSection(ExtensibilityGlobals) = postSolution
		SolutionGuid = {FAF28EEF-B57C-491B-990B-691DA34072E7}
	EndGlobalSection
EndGlobal
